// !$*UTF8*$!
{
	archiveVersion = 1;
	classes = {
	};
	objectVersion = 50;
	objects = {

/* Begin PBXFileReference section */
		9019D8C225FA0E5A0044E113 /* framework.h */ = {isa = PBXFileReference; fileEncoding = 4; lastKnownFileType = sourcecode.c.h; name = framework.h; path = ../framework.h; sourceTree = "<group>"; };
		90AC5CA025F754C100200ED8 /* tiro.cpp */ = {isa = PBXFileReference; fileEncoding = 4; lastKnownFileType = sourcecode.cpp.cpp; name = tiro.cpp; path = ../tiro.cpp; sourceTree = "<group>"; };
		90AC5CA125F754C100200ED8 /* tiro.h */ = {isa = PBXFileReference; fileEncoding = 4; lastKnownFileType = sourcecode.c.h; name = tiro.h; path = ../tiro.h; sourceTree = "<group>"; };
		90AC5CA225F754C100200ED8 /* main.cpp */ = {isa = PBXFileReference; fileEncoding = 4; lastKnownFileType = sourcecode.cpp.cpp; name = main.cpp; path = ../main.cpp; sourceTree = "<group>"; };
		90AC5CA325F754C100200ED8 /* alvo.h */ = {isa = PBXFileReference; fileEncoding = 4; lastKnownFileType = sourcecode.c.h; name = alvo.h; path = ../alvo.h; sourceTree = "<group>"; };
		90AC5CA525F754C100200ED8 /* CGLab2.xcodeproj */ = {isa = PBXFileReference; lastKnownFileType = "wrapper.pb-project"; path = CGLab2.xcodeproj; sourceTree = "<group>"; };
		90AC5CA825F754C100200ED8 /* robo */ = {isa = PBXFileReference; lastKnownFileType = "compiled.mach-o.executable"; name = robo; path = ../robo; sourceTree = "<group>"; };
		90AC5CA925F754C100200ED8 /* makefile */ = {isa = PBXFileReference; fileEncoding = 4; lastKnownFileType = sourcecode.make; name = makefile; path = ../makefile; sourceTree = "<group>"; };
		90AC5CAA25F754C100200ED8 /* alvo.cpp */ = {isa = PBXFileReference; fileEncoding = 4; lastKnownFileType = sourcecode.cpp.cpp; name = alvo.cpp; path = ../alvo.cpp; sourceTree = "<group>"; };
		90AC5CAB25F754C200200ED8 /* robo.cpp */ = {isa = PBXFileReference; fileEncoding = 4; lastKnownFileType = sourcecode.cpp.cpp; name = robo.cpp; path = ../robo.cpp; sourceTree = "<group>"; };
		90AC5CAC25F754C200200ED8 /* robo.h */ = {isa = PBXFileReference; fileEncoding = 4; lastKnownFileType = sourcecode.c.h; name = robo.h; path = ../robo.h; sourceTree = "<group>"; };
		90AC5CAD25F754C200200ED8 /* teste */ = {isa = PBXFileReference; lastKnownFileType = "compiled.mach-o.executable"; name = teste; path = ../teste; sourceTree = "<group>"; };
/* End PBXFileReference section */

/* Begin PBXGroup section */
		90AC5C9525F7548700200ED8 = {
			isa = PBXGroup;
			children = (
				90AC5CAA25F754C100200ED8 /* alvo.cpp */,
				90AC5CA325F754C100200ED8 /* alvo.h */,
				90AC5CA425F754C100200ED8 /* CGLab2 */,
				90AC5CA225F754C100200ED8 /* main.cpp */,
				90AC5CA925F754C100200ED8 /* makefile */,
				90AC5CA825F754C100200ED8 /* robo */,
				90AC5CAB25F754C200200ED8 /* robo.cpp */,
				90AC5CAC25F754C200200ED8 /* robo.h */,
				90AC5CAD25F754C200200ED8 /* teste */,
				90AC5CA025F754C100200ED8 /* tiro.cpp */,
				90AC5CA125F754C100200ED8 /* tiro.h */,
				9019D8C225FA0E5A0044E113 /* framework.h */,
			);
			sourceTree = "<group>";
		};
		90AC5CA425F754C100200ED8 /* CGLab2 */ = {
			isa = PBXGroup;
			children = (
				90AC5CA525F754C100200ED8 /* CGLab2.xcodeproj */,
			);
			name = CGLab2;
			sourceTree = "<group>";
		};
		90AC5CA625F754C100200ED8 /* Products */ = {
			isa = PBXGroup;
			name = Products;
			sourceTree = "<group>";
		};
/* End PBXGroup section */

/* Begin PBXLegacyTarget section */
		90AC5C9A25F7548700200ED8 /* CGLab2 */ = {
			isa = PBXLegacyTarget;
			buildArgumentsString = run;
			buildConfigurationList = 90AC5C9D25F7548700200ED8 /* Build configuration list for PBXLegacyTarget "CGLab2" */;
			buildPhases = (
			);
			buildToolPath = /usr/bin/make;
			buildWorkingDirectory = "/Users/matheusleanon/Documents/Code/ComputerGraphicsOpenGL/Laboratorio 2";
			dependencies = (
			);
			name = CGLab2;
			passBuildSettingsInEnvironment = 1;
			productName = CGLab2;
		};
/* End PBXLegacyTarget section */

/* Begin PBXProject section */
		90AC5C9625F7548700200ED8 /* Project object */ = {
			isa = PBXProject;
			attributes = {
				LastUpgradeCheck = 1240;
				TargetAttributes = {
					90AC5C9A25F7548700200ED8 = {
						CreatedOnToolsVersion = 12.4;
					};
				};
			};
			buildConfigurationList = 90AC5C9925F7548700200ED8 /* Build configuration list for PBXProject "CGLab2" */;
			compatibilityVersion = "Xcode 9.3";
			developmentRegion = en;
			hasScannedForEncodings = 0;
			knownRegions = (
				en,
				Base,
			);
			mainGroup = 90AC5C9525F7548700200ED8;
			projectDirPath = "";
			projectReferences = (
				{
					ProductGroup = 90AC5CA625F754C100200ED8 /* Products */;
					ProjectRef = 90AC5CA525F754C100200ED8 /* CGLab2.xcodeproj */;
				},
			);
			projectRoot = "";
			targets = (
				90AC5C9A25F7548700200ED8 /* CGLab2 */,
			);
		};
/* End PBXProject section */

/* Begin XCBuildConfiguration section */
		90AC5C9B25F7548700200ED8 /* Debug */ = {
			isa = XCBuildConfiguration;
			buildSettings = {
				ALWAYS_SEARCH_USER_PATHS = NO;
				CLANG_ANALYZER_NONNULL = YES;
				CLANG_ANALYZER_NUMBER_OBJECT_CONVERSION = YES_AGGRESSIVE;
				CLANG_CXX_LANGUAGE_STANDARD = "gnu++14";
				CLANG_CXX_LIBRARY = "libc++";
				CLANG_ENABLE_MODULES = YES;
				CLANG_ENABLE_OBJC_ARC = YES;
				CLANG_ENABLE_OBJC_WEAK = YES;
				CLANG_WARN_BLOCK_CAPTURE_AUTORELEASING = YES;
				CLANG_WARN_BOOL_CONVERSION = YES;
				CLANG_WARN_COMMA = YES;
				CLANG_WARN_CONSTANT_CONVERSION = YES;
				CLANG_WARN_DEPRECATED_OBJC_IMPLEMENTATIONS = YES;
				CLANG_WARN_DIRECT_OBJC_ISA_USAGE = YES_ERROR;
				CLANG_WARN_DOCUMENTATION_COMMENTS = YES;
				CLANG_WARN_EMPTY_BODY = YES;
				CLANG_WARN_ENUM_CONVERSION = YES;
				CLANG_WARN_INFINITE_RECURSION = YES;
				CLANG_WARN_INT_CONVERSION = YES;
				CLANG_WARN_NON_LITERAL_NULL_CONVERSION = YES;
				CLANG_WARN_OBJC_IMPLICIT_RETAIN_SELF = YES;
				CLANG_WARN_OBJC_LITERAL_CONVERSION = YES;
				CLANG_WARN_OBJC_ROOT_CLASS = YES_ERROR;
				CLANG_WARN_QUOTED_INCLUDE_IN_FRAMEWORK_HEADER = YES;
				CLANG_WARN_RANGE_LOOP_ANALYSIS = YES;
				CLANG_WARN_STRICT_PROTOTYPES = YES;
				CLANG_WARN_SUSPICIOUS_MOVE = YES;
				CLANG_WARN_UNGUARDED_AVAILABILITY = YES_AGGRESSIVE;
				CLANG_WARN_UNREACHABLE_CODE = YES;
				CLANG_WARN__DUPLICATE_METHOD_MATCH = YES;
				COPY_PHASE_STRIP = NO;
				DEBUG_INFORMATION_FORMAT = dwarf;
				ENABLE_STRICT_OBJC_MSGSEND = YES;
				ENABLE_TESTABILITY = YES;
				GCC_C_LANGUAGE_STANDARD = gnu11;
				GCC_DYNAMIC_NO_PIC = NO;
				GCC_NO_COMMON_BLOCKS = YES;
				GCC_OPTIMIZATION_LEVEL = 0;
				GCC_PREPROCESSOR_DEFINITIONS = (
					"DEBUG=1",
					"$(inherited)",
				);
				GCC_WARN_64_TO_32_BIT_CONVERSION = YES;
				GCC_WARN_ABOUT_RETURN_TYPE = YES_ERROR;
				GCC_WARN_UNDECLARED_SELECTOR = YES;
				GCC_WARN_UNINITIALIZED_AUTOS = YES_AGGRESSIVE;
				GCC_WARN_UNUSED_FUNCTION = YES;
				GCC_WARN_UNUSED_VARIABLE = YES;
				MTL_ENABLE_DEBUG_INFO = INCLUDE_SOURCE;
				MTL_FAST_MATH = YES;
				ONLY_ACTIVE_ARCH = YES;
			};
			name = Debug;
		};
		90AC5C9C25F7548700200ED8 /* Release */ = {
			isa = XCBuildConfiguration;
			buildSettings = {
				ALWAYS_SEARCH_USER_PATHS = NO;
				CLANG_ANALYZER_NONNULL = YES;
				CLANG_ANALYZER_NUMBER_OBJECT_CONVERSION = YES_AGGRESSIVE;
				CLANG_CXX_LANGUAGE_STANDARD = "gnu++14";
				CLANG_CXX_LIBRARY = "libc++";
				CLANG_ENABLE_MODULES = YES;
				CLANG_ENABLE_OBJC_ARC = YES;
				CLANG_ENABLE_OBJC_WEAK = YES;
				CLANG_WARN_BLOCK_CAPTURE_AUTORELEASING = YES;
				CLANG_WARN_BOOL_CONVERSION = YES;
				CLANG_WARN_COMMA = YES;
				CLANG_WARN_CONSTANT_CONVERSION = YES;
				CLANG_WARN_DEPRECATED_OBJC_IMPLEMENTATIONS = YES;
				CLANG_WARN_DIRECT_OBJC_ISA_USAGE = YES_ERROR;
				CLANG_WARN_DOCUMENTATION_COMMENTS = YES;
				CLANG_WARN_EMPTY_BODY = YES;
				CLANG_WARN_ENUM_CONVERSION = YES;
				CLANG_WARN_INFINITE_RECURSION = YES;
				CLANG_WARN_INT_CONVERSION = YES;
				CLANG_WARN_NON_LITERAL_NULL_CONVERSION = YES;
				CLANG_WARN_OBJC_IMPLICIT_RETAIN_SELF = YES;
				CLANG_WARN_OBJC_LITERAL_CONVERSION = YES;
				CLANG_WARN_OBJC_ROOT_CLASS = YES_ERROR;
				CLANG_WARN_QUOTED_INCLUDE_IN_FRAMEWORK_HEADER = YES;
				CLANG_WARN_RANGE_LOOP_ANALYSIS = YES;
				CLANG_WARN_STRICT_PROTOTYPES = YES;
				CLANG_WARN_SUSPICIOUS_MOVE = YES;
				CLANG_WARN_UNGUARDED_AVAILABILITY = YES_AGGRESSIVE;
				CLANG_WARN_UNREACHABLE_CODE = YES;
				CLANG_WARN__DUPLICATE_METHOD_MATCH = YES;
				COPY_PHASE_STRIP = NO;
				DEBUG_INFORMATION_FORMAT = "dwarf-with-dsym";
				ENABLE_NS_ASSERTIONS = NO;
				ENABLE_STRICT_OBJC_MSGSEND = YES;
				GCC_C_LANGUAGE_STANDARD = gnu11;
				GCC_NO_COMMON_BLOCKS = YES;
				GCC_WARN_64_TO_32_BIT_CONVERSION = YES;
				GCC_WARN_ABOUT_RETURN_TYPE = YES_ERROR;
				GCC_WARN_UNDECLARED_SELECTOR = YES;
				GCC_WARN_UNINITIALIZED_AUTOS = YES_AGGRESSIVE;
				GCC_WARN_UNUSED_FUNCTION = YES;
				GCC_WARN_UNUSED_VARIABLE = YES;
				MTL_ENABLE_DEBUG_INFO = NO;
				MTL_FAST_MATH = YES;
			};
			name = Release;
		};
		90AC5C9E25F7548700200ED8 /* Debug */ = {
			isa = XCBuildConfiguration;
			buildSettings = {
				CODE_SIGN_STYLE = Automatic;
				DEBUGGING_SYMBOLS = YES;
				DEBUG_INFORMATION_FORMAT = dwarf;
				GCC_GENERATE_DEBUGGING_SYMBOLS = YES;
				GCC_OPTIMIZATION_LEVEL = 0;
				OTHER_CFLAGS = "";
				OTHER_LDFLAGS = "";
				PRODUCT_NAME = "$(TARGET_NAME)";
			};
			name = Debug;
		};
		90AC5C9F25F7548700200ED8 /* Release */ = {
			isa = XCBuildConfiguration;
			buildSettings = {
				CODE_SIGN_STYLE = Automatic;
				DEBUG_INFORMATION_FORMAT = "dwarf-with-dsym";
				OTHER_CFLAGS = "";
				OTHER_LDFLAGS = "";
				PRODUCT_NAME = "$(TARGET_NAME)";
			};
			name = Release;
		};
/* End XCBuildConfiguration section */

/* Begin XCConfigurationList section */
		90AC5C9925F7548700200ED8 /* Build configuration list for PBXProject "CGLab2" */ = {
			isa = XCConfigurationList;
			buildConfigurations = (
				90AC5C9B25F7548700200ED8 /* Debug */,
				90AC5C9C25F7548700200ED8 /* Release */,
			);
			defaultConfigurationIsVisible = 0;
			defaultConfigurationName = Release;
		};
		90AC5C9D25F7548700200ED8 /* Build configuration list for PBXLegacyTarget "CGLab2" */ = {
			isa = XCConfigurationList;
			buildConfigurations = (
				90AC5C9E25F7548700200ED8 /* Debug */,
				90AC5C9F25F7548700200ED8 /* Release */,
			);
			defaultConfigurationIsVisible = 0;
			defaultConfigurationName = Release;
		};
/* End XCConfigurationList section */
	};
	rootObject = 90AC5C9625F7548700200ED8 /* Project object */;
}
